
Microsoft Visual Studio Solution File, Format Version 12.00
# Visual Studio Version 17
VisualStudioVersion = 17.6.33723.286
MinimumVisualStudioVersion = 10.0.40219.1
Project("{FAE04EC0-301F-11D3-BF4B-00C04F79EFBC}") = "cSharp-Complexity", "cSharp-Complexity.csproj", "{B62FF632-82A9-4D37-96A7-2569F1139762}"
EndProject
Global
	GlobalSection(SolutionConfigurationPlatforms) = preSolution
		Debug|Any CPU = Debug|Any CPU
		Release|Any CPU = Release|Any CPU
	EndGlobalSection
	GlobalSection(ProjectConfigurationPlatforms) = postSolution
		{B62FF632-82A9-4D37-96A7-2569F1139762}.Debug|Any CPU.ActiveCfg = Debug|Any CPU
		{B62FF632-82A9-4D37-96A7-2569F1139762}.Debug|Any CPU.Build.0 = Debug|Any CPU
		{B62FF632-82A9-4D37-96A7-2569F1139762}.Release|Any CPU.ActiveCfg = Release|Any CPU
		{B62FF632-82A9-4D37-96A7-2569F1139762}.Release|Any CPU.Build.0 = Release|Any CPU
	EndGlobalSection
	GlobalSection(SolutionProperties) = preSolution
		HideSolutionNode = FALSE
	EndGlobalSection
	GlobalSection(ExtensibilityGlobals) = postSolution
		SolutionGuid = {91F820A4-023C-41B0-9D83-E5BECF6B4674}
	EndGlobalSection
EndGlobal
